
Microsoft Visual Studio Solution File, Format Version 12.00
# Visual Studio Version 17
VisualStudioVersion = 17.9.34902.65
MinimumVisualStudioVersion = 10.0.40219.1
Project("{9A19103F-16F7-4668-BE54-9A1E7A4F7556}") = "KafkaDotNetExample.API", "KafkaDotNetExample\KafkaDotNetExample.API.csproj", "{CDBCB9C6-BFA9-4EB2-9C50-0FA3C478B3C0}"
EndProject
Project("{9A19103F-16F7-4668-BE54-9A1E7A4F7556}") = "KafkaDotNetConsumer", "KafkaDotNetConsumer\KafkaDotNetConsumer.csproj", "{810316FF-7502-4CB0-A3DD-3E28B273E38F}"
EndProject
Global
	GlobalSection(SolutionConfigurationPlatforms) = preSolution
		Debug|Any CPU = Debug|Any CPU
		Release|Any CPU = Release|Any CPU
	EndGlobalSection
	GlobalSection(ProjectConfigurationPlatforms) = postSolution
		{CDBCB9C6-BFA9-4EB2-9C50-0FA3C478B3C0}.Debug|Any CPU.ActiveCfg = Debug|Any CPU
		{CDBCB9C6-BFA9-4EB2-9C50-0FA3C478B3C0}.Debug|Any CPU.Build.0 = Debug|Any CPU
		{CDBCB9C6-BFA9-4EB2-9C50-0FA3C478B3C0}.Release|Any CPU.ActiveCfg = Release|Any CPU
		{CDBCB9C6-BFA9-4EB2-9C50-0FA3C478B3C0}.Release|Any CPU.Build.0 = Release|Any CPU
		{810316FF-7502-4CB0-A3DD-3E28B273E38F}.Debug|Any CPU.ActiveCfg = Debug|Any CPU
		{810316FF-7502-4CB0-A3DD-3E28B273E38F}.Debug|Any CPU.Build.0 = Debug|Any CPU
		{810316FF-7502-4CB0-A3DD-3E28B273E38F}.Release|Any CPU.ActiveCfg = Release|Any CPU
		{810316FF-7502-4CB0-A3DD-3E28B273E38F}.Release|Any CPU.Build.0 = Release|Any CPU
	EndGlobalSection
	GlobalSection(SolutionProperties) = preSolution
		HideSolutionNode = FALSE
	EndGlobalSection
	GlobalSection(ExtensibilityGlobals) = postSolution
		SolutionGuid = {619CDA8A-04FE-468B-80CB-718A6903A30B}
	EndGlobalSection
EndGlobal
